// !$*UTF8*$!
{
	archiveVersion = 1;
	classes = {
	};
	objectVersion = 50;
	objects = {

/* Begin PBXBuildFile section */
		97143E8B24715122001C5E7F /* AppDelegate.swift in Sources */ = {isa = PBXBuildFile; fileRef = 97143E8A24715122001C5E7F /* AppDelegate.swift */; };
		97143E9024715122001C5E7F /* Main.storyboard in Resources */ = {isa = PBXBuildFile; fileRef = 97143E8E24715122001C5E7F /* Main.storyboard */; };
		97143E9324715122001C5E7F /* To_Do_Lists.xcdatamodeld in Sources */ = {isa = PBXBuildFile; fileRef = 97143E9124715122001C5E7F /* To_Do_Lists.xcdatamodeld */; };
		97143E9524715123001C5E7F /* Assets.xcassets in Resources */ = {isa = PBXBuildFile; fileRef = 97143E9424715123001C5E7F /* Assets.xcassets */; };
		97143E9824715123001C5E7F /* LaunchScreen.storyboard in Resources */ = {isa = PBXBuildFile; fileRef = 97143E9624715123001C5E7F /* LaunchScreen.storyboard */; };
		97143EA524719490001C5E7F /* MainVC.swift in Sources */ = {isa = PBXBuildFile; fileRef = 97143EA424719490001C5E7F /* MainVC.swift */; };
		97143EA72471AA49001C5E7F /* CoreDataManager.swift in Sources */ = {isa = PBXBuildFile; fileRef = 97143EA62471AA49001C5E7F /* CoreDataManager.swift */; };
		97143EA92471AE05001C5E7F /* Protocols.swift in Sources */ = {isa = PBXBuildFile; fileRef = 97143EA82471AE05001C5E7F /* Protocols.swift */; };
		97143EAB2471AE64001C5E7F /* AddListPopUp.swift in Sources */ = {isa = PBXBuildFile; fileRef = 97143EAA2471AE64001C5E7F /* AddListPopUp.swift */; };
		97143EAD2471B31D001C5E7F /* MainClCell.swift in Sources */ = {isa = PBXBuildFile; fileRef = 97143EAC2471B31D001C5E7F /* MainClCell.swift */; };
		97143EAF2471BA42001C5E7F /* DetailVC.swift in Sources */ = {isa = PBXBuildFile; fileRef = 97143EAE2471BA42001C5E7F /* DetailVC.swift */; };
		97143EB12471C5F6001C5E7F /* CustomColors.swift in Sources */ = {isa = PBXBuildFile; fileRef = 97143EB02471C5F6001C5E7F /* CustomColors.swift */; };
/* End PBXBuildFile section */

/* Begin PBXFileReference section */
		97143E8724715122001C5E7F /* To Do Lists.app */ = {isa = PBXFileReference; explicitFileType = wrapper.application; includeInIndex = 0; path = "To Do Lists.app"; sourceTree = BUILT_PRODUCTS_DIR; };
		97143E8A24715122001C5E7F /* AppDelegate.swift */ = {isa = PBXFileReference; lastKnownFileType = sourcecode.swift; path = AppDelegate.swift; sourceTree = "<group>"; };
		97143E8F24715122001C5E7F /* Base */ = {isa = PBXFileReference; lastKnownFileType = file.storyboard; name = Base; path = Base.lproj/Main.storyboard; sourceTree = "<group>"; };
		97143E9224715122001C5E7F /* To_Do_Lists.xcdatamodel */ = {isa = PBXFileReference; lastKnownFileType = wrapper.xcdatamodel; path = To_Do_Lists.xcdatamodel; sourceTree = "<group>"; };
		97143E9424715123001C5E7F /* Assets.xcassets */ = {isa = PBXFileReference; lastKnownFileType = folder.assetcatalog; path = Assets.xcassets; sourceTree = "<group>"; };
		97143E9724715123001C5E7F /* Base */ = {isa = PBXFileReference; lastKnownFileType = file.storyboard; name = Base; path = Base.lproj/LaunchScreen.storyboard; sourceTree = "<group>"; };
		97143E9924715123001C5E7F /* Info.plist */ = {isa = PBXFileReference; lastKnownFileType = text.plist.xml; path = Info.plist; sourceTree = "<group>"; };
		97143EA424719490001C5E7F /* MainVC.swift */ = {isa = PBXFileReference; lastKnownFileType = sourcecode.swift; path = MainVC.swift; sourceTree = "<group>"; };
		97143EA62471AA49001C5E7F /* CoreDataManager.swift */ = {isa = PBXFileReference; lastKnownFileType = sourcecode.swift; path = CoreDataManager.swift; sourceTree = "<group>"; };
		97143EA82471AE05001C5E7F /* Protocols.swift */ = {isa = PBXFileReference; lastKnownFileType = sourcecode.swift; path = Protocols.swift; sourceTree = "<group>"; };
		97143EAA2471AE64001C5E7F /* AddListPopUp.swift */ = {isa = PBXFileReference; lastKnownFileType = sourcecode.swift; path = AddListPopUp.swift; sourceTree = "<group>"; };
		97143EAC2471B31D001C5E7F /* MainClCell.swift */ = {isa = PBXFileReference; lastKnownFileType = sourcecode.swift; path = MainClCell.swift; sourceTree = "<group>"; };
		97143EAE2471BA42001C5E7F /* DetailVC.swift */ = {isa = PBXFileReference; lastKnownFileType = sourcecode.swift; path = DetailVC.swift; sourceTree = "<group>"; };
		97143EB02471C5F6001C5E7F /* CustomColors.swift */ = {isa = PBXFileReference; lastKnownFileType = sourcecode.swift; path = CustomColors.swift; sourceTree = "<group>"; };
/* End PBXFileReference section */

/* Begin PBXFrameworksBuildPhase section */
		97143E8424715122001C5E7F /* Frameworks */ = {
			isa = PBXFrameworksBuildPhase;
			buildActionMask = 2147483647;
			files = (
			);
			runOnlyForDeploymentPostprocessing = 0;
		};
/* End PBXFrameworksBuildPhase section */

/* Begin PBXGroup section */
		8B3E12FA2472676800D4A4C7 /* StoryBoards */ = {
			isa = PBXGroup;
			children = (
				97143E9624715123001C5E7F /* LaunchScreen.storyboard */,
				97143E8E24715122001C5E7F /* Main.storyboard */,
			);
			path = StoryBoards;
			sourceTree = "<group>";
		};
		8B3E12FB2472679300D4A4C7 /* Detail */ = {
			isa = PBXGroup;
			children = (
				97143EAE2471BA42001C5E7F /* DetailVC.swift */,
			);
			path = Detail;
			sourceTree = "<group>";
		};
		8B3E12FC2472679B00D4A4C7 /* Main */ = {
			isa = PBXGroup;
			children = (
				97143EA424719490001C5E7F /* MainVC.swift */,
				97143EAA2471AE64001C5E7F /* AddListPopUp.swift */,
				8B3E12FD247267A600D4A4C7 /* Cell */,
			);
			path = Main;
			sourceTree = "<group>";
		};
		8B3E12FD247267A600D4A4C7 /* Cell */ = {
			isa = PBXGroup;
			children = (
				97143EAC2471B31D001C5E7F /* MainClCell.swift */,
			);
			path = Cell;
			sourceTree = "<group>";
		};
		97143E7E24715122001C5E7F = {
			isa = PBXGroup;
			children = (
				97143E8924715122001C5E7F /* To Do Lists */,
				97143E8824715122001C5E7F /* Products */,
			);
			sourceTree = "<group>";
		};
		97143E8824715122001C5E7F /* Products */ = {
			isa = PBXGroup;
			children = (
				97143E8724715122001C5E7F /* To Do Lists.app */,
			);
			name = Products;
			sourceTree = "<group>";
		};
		97143E8924715122001C5E7F /* To Do Lists */ = {
			isa = PBXGroup;
			children = (
				97143E8A24715122001C5E7F /* AppDelegate.swift */,
				97143EA3247193D6001C5E7F /* Model */,
				97143EA2247193D3001C5E7F /* View */,
				97143EA0247193CD001C5E7F /* Controller */,
				8B3E12FA2472676800D4A4C7 /* StoryBoards */,
				97143E9F247193CA001C5E7F /* Misc */,
				97143E9424715123001C5E7F /* Assets.xcassets */,
				97143E9924715123001C5E7F /* Info.plist */,
			);
			path = "To Do Lists";
			sourceTree = "<group>";
		};
		97143E9F247193CA001C5E7F /* Misc */ = {
			isa = PBXGroup;
			children = (
				97143EB02471C5F6001C5E7F /* CustomColors.swift */,
			);
			path = Misc;
			sourceTree = "<group>";
		};
		97143EA0247193CD001C5E7F /* Controller */ = {
			isa = PBXGroup;
			children = (
				8B3E12FC2472679B00D4A4C7 /* Main */,
				8B3E12FB2472679300D4A4C7 /* Detail */,
			);
			path = Controller;
			sourceTree = "<group>";
		};
		97143EA2247193D3001C5E7F /* View */ = {
			isa = PBXGroup;
			children = (
			);
			path = View;
			sourceTree = "<group>";
		};
		97143EA3247193D6001C5E7F /* Model */ = {
			isa = PBXGroup;
			children = (
				97143EA82471AE05001C5E7F /* Protocols.swift */,
				97143EA62471AA49001C5E7F /* CoreDataManager.swift */,
				97143E9124715122001C5E7F /* To_Do_Lists.xcdatamodeld */,
			);
			path = Model;
			sourceTree = "<group>";
		};
/* End PBXGroup section */

/* Begin PBXNativeTarget section */
		97143E8624715122001C5E7F /* To Do Lists */ = {
			isa = PBXNativeTarget;
			buildConfigurationList = 97143E9C24715123001C5E7F /* Build configuration list for PBXNativeTarget "To Do Lists" */;
			buildPhases = (
				97143E8324715122001C5E7F /* Sources */,
				97143E8424715122001C5E7F /* Frameworks */,
				97143E8524715122001C5E7F /* Resources */,
			);
			buildRules = (
			);
			dependencies = (
			);
			name = "To Do Lists";
			productName = "To Do Lists";
			productReference = 97143E8724715122001C5E7F /* To Do Lists.app */;
			productType = "com.apple.product-type.application";
		};
/* End PBXNativeTarget section */

/* Begin PBXProject section */
		97143E7F24715122001C5E7F /* Project object */ = {
			isa = PBXProject;
			attributes = {
				LastSwiftUpdateCheck = 1020;
				LastUpgradeCheck = 1020;
				ORGANIZATIONNAME = "ali aghajani";
				TargetAttributes = {
					97143E8624715122001C5E7F = {
						CreatedOnToolsVersion = 10.2.1;
					};
				};
			};
			buildConfigurationList = 97143E8224715122001C5E7F /* Build configuration list for PBXProject "To Do Lists" */;
			compatibilityVersion = "Xcode 9.3";
			developmentRegion = en;
			hasScannedForEncodings = 0;
			knownRegions = (
				en,
				Base,
			);
			mainGroup = 97143E7E24715122001C5E7F;
			productRefGroup = 97143E8824715122001C5E7F /* Products */;
			projectDirPath = "";
			projectRoot = "";
			targets = (
				97143E8624715122001C5E7F /* To Do Lists */,
			);
		};
/* End PBXProject section */

/* Begin PBXResourcesBuildPhase section */
		97143E8524715122001C5E7F /* Resources */ = {
			isa = PBXResourcesBuildPhase;
			buildActionMask = 2147483647;
			files = (
				97143E9824715123001C5E7F /* LaunchScreen.storyboard in Resources */,
				97143E9524715123001C5E7F /* Assets.xcassets in Resources */,
				97143E9024715122001C5E7F /* Main.storyboard in Resources */,
			);
			runOnlyForDeploymentPostprocessing = 0;
		};
/* End PBXResourcesBuildPhase section */

/* Begin PBXSourcesBuildPhase section */
		97143E8324715122001C5E7F /* Sources */ = {
			isa = PBXSourcesBuildPhase;
			buildActionMask = 2147483647;
			files = (
				97143EA92471AE05001C5E7F /* Protocols.swift in Sources */,
				97143E9324715122001C5E7F /* To_Do_Lists.xcdatamodeld in Sources */,
				97143EAB2471AE64001C5E7F /* AddListPopUp.swift in Sources */,
				97143EA524719490001C5E7F /* MainVC.swift in Sources */,
				97143EA72471AA49001C5E7F /* CoreDataManager.swift in Sources */,
				97143EAF2471BA42001C5E7F /* DetailVC.swift in Sources */,
				97143E8B24715122001C5E7F /* AppDelegate.swift in Sources */,
				97143EB12471C5F6001C5E7F /* CustomColors.swift in Sources */,
				97143EAD2471B31D001C5E7F /* MainClCell.swift in Sources */,
			);
			runOnlyForDeploymentPostprocessing = 0;
		};
/* End PBXSourcesBuildPhase section */

/* Begin PBXVariantGroup section */
		97143E8E24715122001C5E7F /* Main.storyboard */ = {
			isa = PBXVariantGroup;
			children = (
				97143E8F24715122001C5E7F /* Base */,
			);
			name = Main.storyboard;
			sourceTree = "<group>";
		};
		97143E9624715123001C5E7F /* LaunchScreen.storyboard */ = {
			isa = PBXVariantGroup;
			children = (
				97143E9724715123001C5E7F /* Base */,
			);
			name = LaunchScreen.storyboard;
			sourceTree = "<group>";
		};
/* End PBXVariantGroup section */

/* Begin XCBuildConfiguration section */
		97143E9A24715123001C5E7F /* Debug */ = {
			isa = XCBuildConfiguration;
			buildSettings = {
				ALWAYS_SEARCH_USER_PATHS = NO;
				CLANG_ANALYZER_NONNULL = YES;
				CLANG_ANALYZER_NUMBER_OBJECT_CONVERSION = YES_AGGRESSIVE;
				CLANG_CXX_LANGUAGE_STANDARD = "gnu++14";
				CLANG_CXX_LIBRARY = "libc++";
				CLANG_ENABLE_MODULES = YES;
				CLANG_ENABLE_OBJC_ARC = YES;
				CLANG_ENABLE_OBJC_WEAK = YES;
				CLANG_WARN_BLOCK_CAPTURE_AUTORELEASING = YES;
				CLANG_WARN_BOOL_CONVERSION = YES;
				CLANG_WARN_COMMA = YES;
				CLANG_WARN_CONSTANT_CONVERSION = YES;
				CLANG_WARN_DEPRECATED_OBJC_IMPLEMENTATIONS = YES;
				CLANG_WARN_DIRECT_OBJC_ISA_USAGE = YES_ERROR;
				CLANG_WARN_DOCUMENTATION_COMMENTS = YES;
				CLANG_WARN_EMPTY_BODY = YES;
				CLANG_WARN_ENUM_CONVERSION = YES;
				CLANG_WARN_INFINITE_RECURSION = YES;
				CLANG_WARN_INT_CONVERSION = YES;
				CLANG_WARN_NON_LITERAL_NULL_CONVERSION = YES;
				CLANG_WARN_OBJC_IMPLICIT_RETAIN_SELF = YES;
				CLANG_WARN_OBJC_LITERAL_CONVERSION = YES;
				CLANG_WARN_OBJC_ROOT_CLASS = YES_ERROR;
				CLANG_WARN_RANGE_LOOP_ANALYSIS = YES;
				CLANG_WARN_STRICT_PROTOTYPES = YES;
				CLANG_WARN_SUSPICIOUS_MOVE = YES;
				CLANG_WARN_UNGUARDED_AVAILABILITY = YES_AGGRESSIVE;
				CLANG_WARN_UNREACHABLE_CODE = YES;
				CLANG_WARN__DUPLICATE_METHOD_MATCH = YES;
				CODE_SIGN_IDENTITY = "iPhone Developer";
				COPY_PHASE_STRIP = NO;
				DEBUG_INFORMATION_FORMAT = dwarf;
				ENABLE_STRICT_OBJC_MSGSEND = YES;
				ENABLE_TESTABILITY = YES;
				GCC_C_LANGUAGE_STANDARD = gnu11;
				GCC_DYNAMIC_NO_PIC = NO;
				GCC_NO_COMMON_BLOCKS = YES;
				GCC_OPTIMIZATION_LEVEL = 0;
				GCC_PREPROCESSOR_DEFINITIONS = (
					"DEBUG=1",
					"$(inherited)",
				);
				GCC_WARN_64_TO_32_BIT_CONVERSION = YES;
				GCC_WARN_ABOUT_RETURN_TYPE = YES_ERROR;
				GCC_WARN_UNDECLARED_SELECTOR = YES;
				GCC_WARN_UNINITIALIZED_AUTOS = YES_AGGRESSIVE;
				GCC_WARN_UNUSED_FUNCTION = YES;
				GCC_WARN_UNUSED_VARIABLE = YES;
				IPHONEOS_DEPLOYMENT_TARGET = 12.2;
				MTL_ENABLE_DEBUG_INFO = INCLUDE_SOURCE;
				MTL_FAST_MATH = YES;
				ONLY_ACTIVE_ARCH = YES;
				SDKROOT = iphoneos;
				SWIFT_ACTIVE_COMPILATION_CONDITIONS = DEBUG;
				SWIFT_OPTIMIZATION_LEVEL = "-Onone";
			};
			name = Debug;
		};
		97143E9B24715123001C5E7F /* Release */ = {
			isa = XCBuildConfiguration;
			buildSettings = {
				ALWAYS_SEARCH_USER_PATHS = NO;
				CLANG_ANALYZER_NONNULL = YES;
				CLANG_ANALYZER_NUMBER_OBJECT_CONVERSION = YES_AGGRESSIVE;
				CLANG_CXX_LANGUAGE_STANDARD = "gnu++14";
				CLANG_CXX_LIBRARY = "libc++";
				CLANG_ENABLE_MODULES = YES;
				CLANG_ENABLE_OBJC_ARC = YES;
				CLANG_ENABLE_OBJC_WEAK = YES;
				CLANG_WARN_BLOCK_CAPTURE_AUTORELEASING = YES;
				CLANG_WARN_BOOL_CONVERSION = YES;
				CLANG_WARN_COMMA = YES;
				CLANG_WARN_CONSTANT_CONVERSION = YES;
				CLANG_WARN_DEPRECATED_OBJC_IMPLEMENTATIONS = YES;
				CLANG_WARN_DIRECT_OBJC_ISA_USAGE = YES_ERROR;
				CLANG_WARN_DOCUMENTATION_COMMENTS = YES;
				CLANG_WARN_EMPTY_BODY = YES;
				CLANG_WARN_ENUM_CONVERSION = YES;
				CLANG_WARN_INFINITE_RECURSION = YES;
				CLANG_WARN_INT_CONVERSION = YES;
				CLANG_WARN_NON_LITERAL_NULL_CONVERSION = YES;
				CLANG_WARN_OBJC_IMPLICIT_RETAIN_SELF = YES;
				CLANG_WARN_OBJC_LITERAL_CONVERSION = YES;
				CLANG_WARN_OBJC_ROOT_CLASS = YES_ERROR;
				CLANG_WARN_RANGE_LOOP_ANALYSIS = YES;
				CLANG_WARN_STRICT_PROTOTYPES = YES;
				CLANG_WARN_SUSPICIOUS_MOVE = YES;
				CLANG_WARN_UNGUARDED_AVAILABILITY = YES_AGGRESSIVE;
				CLANG_WARN_UNREACHABLE_CODE = YES;
				CLANG_WARN__DUPLICATE_METHOD_MATCH = YES;
				CODE_SIGN_IDENTITY = "iPhone Developer";
				COPY_PHASE_STRIP = NO;
				DEBUG_INFORMATION_FORMAT = "dwarf-with-dsym";
				ENABLE_NS_ASSERTIONS = NO;
				ENABLE_STRICT_OBJC_MSGSEND = YES;
				GCC_C_LANGUAGE_STANDARD = gnu11;
				GCC_NO_COMMON_BLOCKS = YES;
				GCC_WARN_64_TO_32_BIT_CONVERSION = YES;
				GCC_WARN_ABOUT_RETURN_TYPE = YES_ERROR;
				GCC_WARN_UNDECLARED_SELECTOR = YES;
				GCC_WARN_UNINITIALIZED_AUTOS = YES_AGGRESSIVE;
				GCC_WARN_UNUSED_FUNCTION = YES;
				GCC_WARN_UNUSED_VARIABLE = YES;
				IPHONEOS_DEPLOYMENT_TARGET = 12.2;
				MTL_ENABLE_DEBUG_INFO = NO;
				MTL_FAST_MATH = YES;
				SDKROOT = iphoneos;
				SWIFT_COMPILATION_MODE = wholemodule;
				SWIFT_OPTIMIZATION_LEVEL = "-O";
				VALIDATE_PRODUCT = YES;
			};
			name = Release;
		};
		97143E9D24715123001C5E7F /* Debug */ = {
			isa = XCBuildConfiguration;
			buildSettings = {
				ASSETCATALOG_COMPILER_APPICON_NAME = AppIcon;
				CODE_SIGN_STYLE = Automatic;
				DEVELOPMENT_TEAM = RK4Y486GJ4;
				INFOPLIST_FILE = "To Do Lists/Info.plist";
				LD_RUNPATH_SEARCH_PATHS = (
					"$(inherited)",
					"@executable_path/Frameworks",
				);
				PRODUCT_BUNDLE_IDENTIFIER = "com.maaaps.To-Do-Lists";
				PRODUCT_NAME = "$(TARGET_NAME)";
				SWIFT_VERSION = 5.0;
				TARGETED_DEVICE_FAMILY = "1,2";
			};
			name = Debug;
		};
		97143E9E24715123001C5E7F /* Release */ = {
			isa = XCBuildConfiguration;
			buildSettings = {
				ASSETCATALOG_COMPILER_APPICON_NAME = AppIcon;
				CODE_SIGN_STYLE = Automatic;
				DEVELOPMENT_TEAM = RK4Y486GJ4;
				INFOPLIST_FILE = "To Do Lists/Info.plist";
				LD_RUNPATH_SEARCH_PATHS = (
					"$(inherited)",
					"@executable_path/Frameworks",
				);
				PRODUCT_BUNDLE_IDENTIFIER = "com.maaaps.To-Do-Lists";
				PRODUCT_NAME = "$(TARGET_NAME)";
				SWIFT_VERSION = 5.0;
				TARGETED_DEVICE_FAMILY = "1,2";
			};
			name = Release;
		};
/* End XCBuildConfiguration section */

/* Begin XCConfigurationList section */
		97143E8224715122001C5E7F /* Build configuration list for PBXProject "To Do Lists" */ = {
			isa = XCConfigurationList;
			buildConfigurations = (
				97143E9A24715123001C5E7F /* Debug */,
				97143E9B24715123001C5E7F /* Release */,
			);
			defaultConfigurationIsVisible = 0;
			defaultConfigurationName = Release;
		};
		97143E9C24715123001C5E7F /* Build configuration list for PBXNativeTarget "To Do Lists" */ = {
			isa = XCConfigurationList;
			buildConfigurations = (
				97143E9D24715123001C5E7F /* Debug */,
				97143E9E24715123001C5E7F /* Release */,
			);
			defaultConfigurationIsVisible = 0;
			defaultConfigurationName = Release;
		};
/* End XCConfigurationList section */

/* Begin XCVersionGroup section */
		97143E9124715122001C5E7F /* To_Do_Lists.xcdatamodeld */ = {
			isa = XCVersionGroup;
			children = (
				97143E9224715122001C5E7F /* To_Do_Lists.xcdatamodel */,
			);
			currentVersion = 97143E9224715122001C5E7F /* To_Do_Lists.xcdatamodel */;
			path = To_Do_Lists.xcdatamodeld;
			sourceTree = "<group>";
			versionGroupType = wrapper.xcdatamodel;
		};
/* End XCVersionGroup section */
	};
	rootObject = 97143E7F24715122001C5E7F /* Project object */;
}
